
Microsoft Visual Studio Solution File, Format Version 12.00
# Visual Studio Version 17
VisualStudioVersion = 17.4.33122.133
MinimumVisualStudioVersion = 10.0.40219.1
Project("{FAE04EC0-301F-11D3-BF4B-00C04F79EFBC}") = "JWTDemo", "JWTDemo\JWTDemo.csproj", "{1DE96330-7AD4-4FE0-A61C-7111F1BFA566}"
EndProject
Global
	GlobalSection(SolutionConfigurationPlatforms) = preSolution
		Debug|Any CPU = Debug|Any CPU
		Release|Any CPU = Release|Any CPU
	EndGlobalSection
	GlobalSection(ProjectConfigurationPlatforms) = postSolution
		{1DE96330-7AD4-4FE0-A61C-7111F1BFA566}.Debug|Any CPU.ActiveCfg = Debug|Any CPU
		{1DE96330-7AD4-4FE0-A61C-7111F1BFA566}.Debug|Any CPU.Build.0 = Debug|Any CPU
		{1DE96330-7AD4-4FE0-A61C-7111F1BFA566}.Release|Any CPU.ActiveCfg = Release|Any CPU
		{1DE96330-7AD4-4FE0-A61C-7111F1BFA566}.Release|Any CPU.Build.0 = Release|Any CPU
	EndGlobalSection
	GlobalSection(SolutionProperties) = preSolution
		HideSolutionNode = FALSE
	EndGlobalSection
	GlobalSection(ExtensibilityGlobals) = postSolution
		SolutionGuid = {BD47142B-3481-41E7-AA08-8047C1C51DC3}
	EndGlobalSection
EndGlobal
